// !$*UTF8*$!
{
	archiveVersion = 1;
	classes = {
	};
	objectVersion = 46;
	objects = {

/* Begin PBXBuildFile section */
		7BF46A4F1D0405E300AA1EF8 /* AppDelegate.swift in Sources */ = {isa = PBXBuildFile; fileRef = 7BF46A4E1D0405E300AA1EF8 /* AppDelegate.swift */; };
		7BF46A511D0405E300AA1EF8 /* MainViewController.swift in Sources */ = {isa = PBXBuildFile; fileRef = 7BF46A501D0405E300AA1EF8 /* MainViewController.swift */; };
		7BF46A561D0405E300AA1EF8 /* Assets.xcassets in Resources */ = {isa = PBXBuildFile; fileRef = 7BF46A551D0405E300AA1EF8 /* Assets.xcassets */; };
		7BF46A591D0405E300AA1EF8 /* LaunchScreen.storyboard in Resources */ = {isa = PBXBuildFile; fileRef = 7BF46A571D0405E300AA1EF8 /* LaunchScreen.storyboard */; };
		7BF46A631D0409E700AA1EF8 /* .gitignore in Resources */ = {isa = PBXBuildFile; fileRef = 7BF46A621D0409E700AA1EF8 /* .gitignore */; };
		7BF46A651D041E7C00AA1EF8 /* NoteCellTableViewCell.swift in Sources */ = {isa = PBXBuildFile; fileRef = 7BF46A641D041E7C00AA1EF8 /* NoteCellTableViewCell.swift */; };
		7BF46A671D042CC800AA1EF8 /* CollectionHeader.swift in Sources */ = {isa = PBXBuildFile; fileRef = 7BF46A661D042CC800AA1EF8 /* CollectionHeader.swift */; };
/* End PBXBuildFile section */

/* Begin PBXFileReference section */
		7BF46A4B1D0405E200AA1EF8 /* SwiftNote.app */ = {isa = PBXFileReference; explicitFileType = wrapper.application; includeInIndex = 0; path = SwiftNote.app; sourceTree = BUILT_PRODUCTS_DIR; };
		7BF46A4E1D0405E300AA1EF8 /* AppDelegate.swift */ = {isa = PBXFileReference; lastKnownFileType = sourcecode.swift; path = AppDelegate.swift; sourceTree = "<group>"; };
		7BF46A501D0405E300AA1EF8 /* MainViewController.swift */ = {isa = PBXFileReference; lastKnownFileType = sourcecode.swift; path = MainViewController.swift; sourceTree = "<group>"; };
		7BF46A551D0405E300AA1EF8 /* Assets.xcassets */ = {isa = PBXFileReference; lastKnownFileType = folder.assetcatalog; path = Assets.xcassets; sourceTree = "<group>"; };
		7BF46A581D0405E300AA1EF8 /* Base */ = {isa = PBXFileReference; lastKnownFileType = file.storyboard; name = Base; path = Base.lproj/LaunchScreen.storyboard; sourceTree = "<group>"; };
		7BF46A5A1D0405E300AA1EF8 /* Info.plist */ = {isa = PBXFileReference; lastKnownFileType = text.plist.xml; path = Info.plist; sourceTree = "<group>"; };
		7BF46A621D0409E700AA1EF8 /* .gitignore */ = {isa = PBXFileReference; fileEncoding = 4; lastKnownFileType = text; path = .gitignore; sourceTree = "<group>"; };
		7BF46A641D041E7C00AA1EF8 /* NoteCellTableViewCell.swift */ = {isa = PBXFileReference; fileEncoding = 4; lastKnownFileType = sourcecode.swift; path = NoteCellTableViewCell.swift; sourceTree = "<group>"; };
		7BF46A661D042CC800AA1EF8 /* CollectionHeader.swift */ = {isa = PBXFileReference; fileEncoding = 4; lastKnownFileType = sourcecode.swift; path = CollectionHeader.swift; sourceTree = "<group>"; };
/* End PBXFileReference section */

/* Begin PBXFrameworksBuildPhase section */
		7BF46A481D0405E200AA1EF8 /* Frameworks */ = {
			isa = PBXFrameworksBuildPhase;
			buildActionMask = 2147483647;
			files = (
			);
			runOnlyForDeploymentPostprocessing = 0;
		};
/* End PBXFrameworksBuildPhase section */

/* Begin PBXGroup section */
		7BF46A421D0405E200AA1EF8 = {
			isa = PBXGroup;
			children = (
				7BF46A621D0409E700AA1EF8 /* .gitignore */,
				7BF46A4D1D0405E300AA1EF8 /* SwiftNote */,
				7BF46A4C1D0405E200AA1EF8 /* Products */,
			);
			sourceTree = "<group>";
		};
		7BF46A4C1D0405E200AA1EF8 /* Products */ = {
			isa = PBXGroup;
			children = (
				7BF46A4B1D0405E200AA1EF8 /* SwiftNote.app */,
			);
			name = Products;
			sourceTree = "<group>";
		};
		7BF46A4D1D0405E300AA1EF8 /* SwiftNote */ = {
			isa = PBXGroup;
			children = (
				7BF46A4E1D0405E300AA1EF8 /* AppDelegate.swift */,
				7BF46A501D0405E300AA1EF8 /* MainViewController.swift */,
				7BF46A641D041E7C00AA1EF8 /* NoteCellTableViewCell.swift */,
				7BF46A661D042CC800AA1EF8 /* CollectionHeader.swift */,
				7BF46A551D0405E300AA1EF8 /* Assets.xcassets */,
				7BF46A571D0405E300AA1EF8 /* LaunchScreen.storyboard */,
				7BF46A5A1D0405E300AA1EF8 /* Info.plist */,
			);
			path = SwiftNote;
			sourceTree = "<group>";
		};
/* End PBXGroup section */

/* Begin PBXNativeTarget section */
		7BF46A4A1D0405E200AA1EF8 /* SwiftNote */ = {
			isa = PBXNativeTarget;
			buildConfigurationList = 7BF46A5D1D0405E300AA1EF8 /* Build configuration list for PBXNativeTarget "SwiftNote" */;
			buildPhases = (
				7BF46A471D0405E200AA1EF8 /* Sources */,
				7BF46A481D0405E200AA1EF8 /* Frameworks */,
				7BF46A491D0405E200AA1EF8 /* Resources */,
			);
			buildRules = (
			);
			dependencies = (
			);
			name = SwiftNote;
			productName = SwiftNote;
			productReference = 7BF46A4B1D0405E200AA1EF8 /* SwiftNote.app */;
			productType = "com.apple.product-type.application";
		};
/* End PBXNativeTarget section */

/* Begin PBXProject section */
		7BF46A431D0405E200AA1EF8 /* Project object */ = {
			isa = PBXProject;
			attributes = {
				LastSwiftUpdateCheck = 0730;
				LastUpgradeCheck = 0730;
				ORGANIZATIONNAME = "Wikipedia Brown";
				TargetAttributes = {
					7BF46A4A1D0405E200AA1EF8 = {
						CreatedOnToolsVersion = 7.3.1;
					};
				};
			};
			buildConfigurationList = 7BF46A461D0405E200AA1EF8 /* Build configuration list for PBXProject "SwiftNote" */;
			compatibilityVersion = "Xcode 3.2";
			developmentRegion = English;
			hasScannedForEncodings = 0;
			knownRegions = (
				en,
				Base,
			);
			mainGroup = 7BF46A421D0405E200AA1EF8;
			productRefGroup = 7BF46A4C1D0405E200AA1EF8 /* Products */;
			projectDirPath = "";
			projectRoot = "";
			targets = (
				7BF46A4A1D0405E200AA1EF8 /* SwiftNote */,
			);
		};
/* End PBXProject section */

/* Begin PBXResourcesBuildPhase section */
		7BF46A491D0405E200AA1EF8 /* Resources */ = {
			isa = PBXResourcesBuildPhase;
			buildActionMask = 2147483647;
			files = (
				7BF46A631D0409E700AA1EF8 /* .gitignore in Resources */,
				7BF46A591D0405E300AA1EF8 /* LaunchScreen.storyboard in Resources */,
				7BF46A561D0405E300AA1EF8 /* Assets.xcassets in Resources */,
			);
			runOnlyForDeploymentPostprocessing = 0;
		};
/* End PBXResourcesBuildPhase section */

/* Begin PBXSourcesBuildPhase section */
		7BF46A471D0405E200AA1EF8 /* Sources */ = {
			isa = PBXSourcesBuildPhase;
			buildActionMask = 2147483647;
			files = (
				7BF46A671D042CC800AA1EF8 /* CollectionHeader.swift in Sources */,
				7BF46A651D041E7C00AA1EF8 /* NoteCellTableViewCell.swift in Sources */,
				7BF46A511D0405E300AA1EF8 /* MainViewController.swift in Sources */,
				7BF46A4F1D0405E300AA1EF8 /* AppDelegate.swift in Sources */,
			);
			runOnlyForDeploymentPostprocessing = 0;
		};
/* End PBXSourcesBuildPhase section */

/* Begin PBXVariantGroup section */
		7BF46A571D0405E300AA1EF8 /* LaunchScreen.storyboard */ = {
			isa = PBXVariantGroup;
			children = (
				7BF46A581D0405E300AA1EF8 /* Base */,
			);
			name = LaunchScreen.storyboard;
			sourceTree = "<group>";
		};
/* End PBXVariantGroup section */

/* Begin XCBuildConfiguration section */
		7BF46A5B1D0405E300AA1EF8 /* Debug */ = {
			isa = XCBuildConfiguration;
			buildSettings = {
				ALWAYS_SEARCH_USER_PATHS = NO;
				CLANG_ANALYZER_NONNULL = YES;
				CLANG_CXX_LANGUAGE_STANDARD = "gnu++0x";
				CLANG_CXX_LIBRARY = "libc++";
				CLANG_ENABLE_MODULES = YES;
				CLANG_ENABLE_OBJC_ARC = YES;
				CLANG_WARN_BOOL_CONVERSION = YES;
				CLANG_WARN_CONSTANT_CONVERSION = YES;
				CLANG_WARN_DIRECT_OBJC_ISA_USAGE = YES_ERROR;
				CLANG_WARN_EMPTY_BODY = YES;
				CLANG_WARN_ENUM_CONVERSION = YES;
				CLANG_WARN_INT_CONVERSION = YES;
				CLANG_WARN_OBJC_ROOT_CLASS = YES_ERROR;
				CLANG_WARN_UNREACHABLE_CODE = YES;
				CLANG_WARN__DUPLICATE_METHOD_MATCH = YES;
				"CODE_SIGN_IDENTITY[sdk=iphoneos*]" = "iPhone Developer";
				COPY_PHASE_STRIP = NO;
				DEBUG_INFORMATION_FORMAT = dwarf;
				ENABLE_STRICT_OBJC_MSGSEND = YES;
				ENABLE_TESTABILITY = YES;
				GCC_C_LANGUAGE_STANDARD = gnu99;
				GCC_DYNAMIC_NO_PIC = NO;
				GCC_NO_COMMON_BLOCKS = YES;
				GCC_OPTIMIZATION_LEVEL = 0;
				GCC_PREPROCESSOR_DEFINITIONS = (
					"DEBUG=1",
					"$(inherited)",
				);
				GCC_WARN_64_TO_32_BIT_CONVERSION = YES;
				GCC_WARN_ABOUT_RETURN_TYPE = YES_ERROR;
				GCC_WARN_UNDECLARED_SELECTOR = YES;
				GCC_WARN_UNINITIALIZED_AUTOS = YES_AGGRESSIVE;
				GCC_WARN_UNUSED_FUNCTION = YES;
				GCC_WARN_UNUSED_VARIABLE = YES;
				IPHONEOS_DEPLOYMENT_TARGET = 9.3;
				MTL_ENABLE_DEBUG_INFO = YES;
				ONLY_ACTIVE_ARCH = YES;
				SDKROOT = iphoneos;
				SWIFT_OPTIMIZATION_LEVEL = "-Onone";
			};
			name = Debug;
		};
		7BF46A5C1D0405E300AA1EF8 /* Release */ = {
			isa = XCBuildConfiguration;
			buildSettings = {
				ALWAYS_SEARCH_USER_PATHS = NO;
				CLANG_ANALYZER_NONNULL = YES;
				CLANG_CXX_LANGUAGE_STANDARD = "gnu++0x";
				CLANG_CXX_LIBRARY = "libc++";
				CLANG_ENABLE_MODULES = YES;
				CLANG_ENABLE_OBJC_ARC = YES;
				CLANG_WARN_BOOL_CONVERSION = YES;
				CLANG_WARN_CONSTANT_CONVERSION = YES;
				CLANG_WARN_DIRECT_OBJC_ISA_USAGE = YES_ERROR;
				CLANG_WARN_EMPTY_BODY = YES;
				CLANG_WARN_ENUM_CONVERSION = YES;
				CLANG_WARN_INT_CONVERSION = YES;
				CLANG_WARN_OBJC_ROOT_CLASS = YES_ERROR;
				CLANG_WARN_UNREACHABLE_CODE = YES;
				CLANG_WARN__DUPLICATE_METHOD_MATCH = YES;
				"CODE_SIGN_IDENTITY[sdk=iphoneos*]" = "iPhone Developer";
				COPY_PHASE_STRIP = NO;
				DEBUG_INFORMATION_FORMAT = "dwarf-with-dsym";
				ENABLE_NS_ASSERTIONS = NO;
				ENABLE_STRICT_OBJC_MSGSEND = YES;
				GCC_C_LANGUAGE_STANDARD = gnu99;
				GCC_NO_COMMON_BLOCKS = YES;
				GCC_WARN_64_TO_32_BIT_CONVERSION = YES;
				GCC_WARN_ABOUT_RETURN_TYPE = YES_ERROR;
				GCC_WARN_UNDECLARED_SELECTOR = YES;
				GCC_WARN_UNINITIALIZED_AUTOS = YES_AGGRESSIVE;
				GCC_WARN_UNUSED_FUNCTION = YES;
				GCC_WARN_UNUSED_VARIABLE = YES;
				IPHONEOS_DEPLOYMENT_TARGET = 9.3;
				MTL_ENABLE_DEBUG_INFO = NO;
				SDKROOT = iphoneos;
				VALIDATE_PRODUCT = YES;
			};
			name = Release;
		};
		7BF46A5E1D0405E300AA1EF8 /* Debug */ = {
			isa = XCBuildConfiguration;
			buildSettings = {
				ASSETCATALOG_COMPILER_APPICON_NAME = AppIcon;
				INFOPLIST_FILE = SwiftNote/Info.plist;
				LD_RUNPATH_SEARCH_PATHS = "$(inherited) @executable_path/Frameworks";
				PRODUCT_BUNDLE_IDENTIFIER = com.perrisdavis.SwiftNote;
				PRODUCT_NAME = "$(TARGET_NAME)";
			};
			name = Debug;
		};
		7BF46A5F1D0405E300AA1EF8 /* Release */ = {
			isa = XCBuildConfiguration;
			buildSettings = {
				ASSETCATALOG_COMPILER_APPICON_NAME = AppIcon;
				INFOPLIST_FILE = SwiftNote/Info.plist;
				LD_RUNPATH_SEARCH_PATHS = "$(inherited) @executable_path/Frameworks";
				PRODUCT_BUNDLE_IDENTIFIER = com.perrisdavis.SwiftNote;
				PRODUCT_NAME = "$(TARGET_NAME)";
			};
			name = Release;
		};
/* End XCBuildConfiguration section */

/* Begin XCConfigurationList section */
		7BF46A461D0405E200AA1EF8 /* Build configuration list for PBXProject "SwiftNote" */ = {
			isa = XCConfigurationList;
			buildConfigurations = (
				7BF46A5B1D0405E300AA1EF8 /* Debug */,
				7BF46A5C1D0405E300AA1EF8 /* Release */,
			);
			defaultConfigurationIsVisible = 0;
			defaultConfigurationName = Release;
		};
		7BF46A5D1D0405E300AA1EF8 /* Build configuration list for PBXNativeTarget "SwiftNote" */ = {
			isa = XCConfigurationList;
			buildConfigurations = (
				7BF46A5E1D0405E300AA1EF8 /* Debug */,
				7BF46A5F1D0405E300AA1EF8 /* Release */,
			);
			defaultConfigurationIsVisible = 0;
		};
/* End XCConfigurationList section */
	};
	rootObject = 7BF46A431D0405E200AA1EF8 /* Project object */;
}
